
Microsoft Visual Studio Solution File, Format Version 12.00
# Visual Studio Version 17
VisualStudioVersion = 17.11.35303.130
MinimumVisualStudioVersion = 10.0.40219.1
Project("{2150E333-8FDC-42A3-9474-1A3956D46DE8}") = "src", "src", "{ADE8DA98-3F1A-4E0B-898D-5BEFC819BBD5}"
EndProject
Project("{FAE04EC0-301F-11D3-BF4B-00C04F79EFBC}") = "Application", "src\Application\Application.csproj", "{5CF80BDC-B21B-4A37-87AC-0588F070CEF8}"
EndProject
Project("{FAE04EC0-301F-11D3-BF4B-00C04F79EFBC}") = "WebApi", "src\WebApi\WebApi.csproj", "{76B24237-9BFD-4C19-8CCC-2063726ABCB5}"
EndProject
Global
	GlobalSection(SolutionConfigurationPlatforms) = preSolution
		Debug|Any CPU = Debug|Any CPU
		Release|Any CPU = Release|Any CPU
	EndGlobalSection
	GlobalSection(ProjectConfigurationPlatforms) = postSolution
		{5CF80BDC-B21B-4A37-87AC-0588F070CEF8}.Debug|Any CPU.ActiveCfg = Debug|Any CPU
		{5CF80BDC-B21B-4A37-87AC-0588F070CEF8}.Debug|Any CPU.Build.0 = Debug|Any CPU
		{5CF80BDC-B21B-4A37-87AC-0588F070CEF8}.Release|Any CPU.ActiveCfg = Release|Any CPU
		{5CF80BDC-B21B-4A37-87AC-0588F070CEF8}.Release|Any CPU.Build.0 = Release|Any CPU
		{76B24237-9BFD-4C19-8CCC-2063726ABCB5}.Debug|Any CPU.ActiveCfg = Debug|Any CPU
		{76B24237-9BFD-4C19-8CCC-2063726ABCB5}.Debug|Any CPU.Build.0 = Debug|Any CPU
		{76B24237-9BFD-4C19-8CCC-2063726ABCB5}.Release|Any CPU.ActiveCfg = Release|Any CPU
		{76B24237-9BFD-4C19-8CCC-2063726ABCB5}.Release|Any CPU.Build.0 = Release|Any CPU
	EndGlobalSection
	GlobalSection(SolutionProperties) = preSolution
		HideSolutionNode = FALSE
	EndGlobalSection
	GlobalSection(NestedProjects) = preSolution
		{5CF80BDC-B21B-4A37-87AC-0588F070CEF8} = {ADE8DA98-3F1A-4E0B-898D-5BEFC819BBD5}
		{76B24237-9BFD-4C19-8CCC-2063726ABCB5} = {ADE8DA98-3F1A-4E0B-898D-5BEFC819BBD5}
	EndGlobalSection
	GlobalSection(ExtensibilityGlobals) = postSolution
		SolutionGuid = {B5F5A877-C9ED-4B53-A4DB-251D5BFD8720}
	EndGlobalSection
EndGlobal
